<<<<<<< Updated upstream
Last acquired by C:\src\flutter\bin\cache\dart-sdk\bin\dart.exe (pid 5080) running file:///C:/src/flutter/bin/cache/flutter_tools.snapshot on 2026-09-26 19:11:07.767104.
=======
Last acquired by C:\src\flutter\bin\cache\dart-sdk\bin\dart.exe (pid 34840) running file:///C:/src/flutter/bin/cache/flutter_tools.snapshot on 2026-09-26 20:10:46.920048.
>>>>>>> Stashed changes
